<?xml version="1.0" encoding="utf-8"?>
<Project ToolsVersion="4.0" xmlns="http://schemas.microsoft.com/developer/msbuild/2003">
  <ItemGroup>
    <Filter Include="Quelldateien">
      <UniqueIdentifier>{4FC737F1-C7A5-4376-A066-2A32D752A2FF}</UniqueIdentifier>
      <Extensions>cpp;c;cc;cxx;def;odl;idl;hpj;bat;asm;asmx</Extensions>
    </Filter>
    <Filter Include="Ressourcendateien">
      <UniqueIdentifier>{67DA6AB6-F800-4c08-8B7A-83BB121AAD01}</UniqueIdentifier>
      <Extensions>rc;ico;cur;bmp;dlg;rc2;rct;bin;rgs;gif;jpg;jpeg;jpe;resx;tiff;tif;png;wav;mfcribbon-ms</Extensions>
    </Filter>
    <Filter Include="Quelldateien\utils">
      <UniqueIdentifier>{418ac41a-00c8-4248-be68-e3109b23feee}</UniqueIdentifier>
    </Filter>
    <Filter Include="Quelldateien\render">
      <UniqueIdentifier>{56f3d230-1bfb-4b7e-85e9-324295bb6cd9}</UniqueIdentifier>
    </Filter>
    <Filter Include="Quelldateien\definitions">
      <UniqueIdentifier>{d37ffa04-1ed3-4139-9d75-d2ca1e6ed80c}</UniqueIdentifier>
    </Filter>
    <Filter Include="Quelldateien\menu">
      <UniqueIdentifier>{f94869b0-0386-434b-86b4-7e2a903f6646}</UniqueIdentifier>
    </Filter>
    <Filter Include="Quelldateien\menu\items">
      <UniqueIdentifier>{ed0aa1c2-ea58-4eb0-9e91-2bf95efde449}</UniqueIdentifier>
    </Filter>
    <Filter Include="Quelldateien\settings">
      <UniqueIdentifier>{550d2ad5-53ec-476e-852b-8bcc46f0421a}</UniqueIdentifier>
    </Filter>
    <Filter Include="Quelldateien\crypt">
      <UniqueIdentifier>{c7e895d5-bc7c-4883-b519-adf640be4b9c}</UniqueIdentifier>
    </Filter>
    <Filter Include="Quelldateien\cheat">
      <UniqueIdentifier>{272094ac-7220-4710-931e-44ea2648ff80}</UniqueIdentifier>
    </Filter>
    <Filter Include="magic">
      <UniqueIdentifier>{b61c3b75-554f-40ce-ae1a-752f65ced037}</UniqueIdentifier>
    </Filter>
    <Filter Include="scanner">
      <UniqueIdentifier>{9dfe00a8-022f-4f12-bee0-a26be112f284}</UniqueIdentifier>
    </Filter>
    <Filter Include="decryptor">
      <UniqueIdentifier>{80666dcc-df1a-4a99-95da-67f3e8b926c8}</UniqueIdentifier>
    </Filter>
    <Filter Include="aimbot">
      <UniqueIdentifier>{1efa45a3-e36b-46c9-9e86-35a562911ec3}</UniqueIdentifier>
    </Filter>
    <Filter Include="engine">
      <UniqueIdentifier>{f31ea15f-9866-494b-bd93-3978387adff3}</UniqueIdentifier>
    </Filter>
    <Filter Include="core_client">
      <UniqueIdentifier>{0c427f4d-b4c9-44d4-812c-2a6b950f5917}</UniqueIdentifier>
    </Filter>
  </ItemGroup>
  <ItemGroup>
    <ClCompile Include="kasium_v2.cpp">
      <Filter>Quelldateien</Filter>
    </ClCompile>
    <ClCompile Include="utils.cpp">
      <Filter>Quelldateien\utils</Filter>
    </ClCompile>
    <ClCompile Include="definitions.cpp">
      <Filter>Quelldateien\definitions</Filter>
    </ClCompile>
    <ClCompile Include="engine.cpp">
      <Filter>engine</Filter>
    </ClCompile>
    <ClCompile Include="menu.cpp">
      <Filter>Quelldateien\menu</Filter>
    </ClCompile>
    <ClCompile Include="settings.cpp">
      <Filter>Quelldateien\settings</Filter>
    </ClCompile>
    <ClCompile Include="cheat.cpp">
      <Filter>Quelldateien\cheat</Filter>
    </ClCompile>
    <ClCompile Include="magic.cpp">
      <Filter>magic</Filter>
    </ClCompile>
    <ClCompile Include="scanner.cpp">
      <Filter>scanner</Filter>
    </ClCompile>
    <ClCompile Include="decryptor.cpp">
      <Filter>decryptor</Filter>
    </ClCompile>
    <ClCompile Include="aimbot.cpp">
      <Filter>aimbot</Filter>
    </ClCompile>
    <ClCompile Include="core.cpp">
      <Filter>core_client</Filter>
    </ClCompile>
  </ItemGroup>
  <ItemGroup>
    <ClInclude Include="stdafx.hpp">
      <Filter>Quelldateien</Filter>
    </ClInclude>
    <ClInclude Include="utils.hpp">
      <Filter>Quelldateien\utils</Filter>
    </ClInclude>
    <ClInclude Include="cli.hpp">
      <Filter>Quelldateien\render</Filter>
    </ClInclude>
    <ClInclude Include="comp_render.hpp">
      <Filter>Quelldateien\render</Filter>
    </ClInclude>
    <ClInclude Include="definitions.hpp">
      <Filter>Quelldateien\definitions</Filter>
    </ClInclude>
    <ClInclude Include="engine.hpp">
      <Filter>engine</Filter>
    </ClInclude>
    <ClInclude Include="vector3.hpp">
      <Filter>engine</Filter>
    </ClInclude>
    <ClInclude Include="undocumented.h">
      <Filter>Quelldateien</Filter>
    </ClInclude>
    <ClInclude Include="items\D3DMenuBoolItem.hpp">
      <Filter>Quelldateien\menu\items</Filter>
    </ClInclude>
    <ClInclude Include="items\D3DMenuFlagItem.hpp">
      <Filter>Quelldateien\menu\items</Filter>
    </ClInclude>
    <ClInclude Include="items\D3DMenuFloatItem.hpp">
      <Filter>Quelldateien\menu\items</Filter>
    </ClInclude>
    <ClInclude Include="items\D3DMenuIntItem.hpp">
      <Filter>Quelldateien\menu\items</Filter>
    </ClInclude>
    <ClInclude Include="items\D3DMenuSubFolderItem.hpp">
      <Filter>Quelldateien\menu\items</Filter>
    </ClInclude>
    <ClInclude Include="items\ID3DMenuItem.hpp">
      <Filter>Quelldateien\menu\items</Filter>
    </ClInclude>
    <ClInclude Include="menu.hpp">
      <Filter>Quelldateien\menu</Filter>
    </ClInclude>
    <ClInclude Include="settings.hpp">
      <Filter>Quelldateien\settings</Filter>
    </ClInclude>
    <ClInclude Include="D3DMenuInputItem.hpp">
      <Filter>Quelldateien\menu\items</Filter>
    </ClInclude>
    <ClInclude Include="cheat.hpp">
      <Filter>Quelldateien\cheat</Filter>
    </ClInclude>
    <ClInclude Include="magic.hpp">
      <Filter>magic</Filter>
    </ClInclude>
    <ClInclude Include="scanner.hpp">
      <Filter>scanner</Filter>
    </ClInclude>
    <ClInclude Include="idadefs.hpp" />
    <ClInclude Include="decryptor.hpp">
      <Filter>decryptor</Filter>
    </ClInclude>
    <ClInclude Include="aimbot.hpp">
      <Filter>aimbot</Filter>
    </ClInclude>
    <ClInclude Include="core.h">
      <Filter>core_client</Filter>
    </ClInclude>
    <ClInclude Include="xorstr.hpp">
      <Filter>Quelldateien\crypt</Filter>
    </ClInclude>
  </ItemGroup>
</Project>